// !$*UTF8*$!
{
	archiveVersion = 1;
	classes = {
	};
	objectVersion = 48;
	objects = {

/* Begin PBXBuildFile section */
		9197CA1A1FC459B100B66C12 /* AppDelegate.m in Sources */ = {isa = PBXBuildFile; fileRef = 9197CA191FC459B100B66C12 /* AppDelegate.m */; };
		9197CA221FC459B100B66C12 /* Assets.xcassets in Resources */ = {isa = PBXBuildFile; fileRef = 9197CA211FC459B100B66C12 /* Assets.xcassets */; };
		9197CA251FC459B100B66C12 /* LaunchScreen.storyboard in Resources */ = {isa = PBXBuildFile; fileRef = 9197CA231FC459B100B66C12 /* LaunchScreen.storyboard */; };
		9197CA281FC459B100B66C12 /* main.m in Sources */ = {isa = PBXBuildFile; fileRef = 9197CA271FC459B100B66C12 /* main.m */; };
		9197CA361FC45ADF00B66C12 /* AKHomeViewController.m in Sources */ = {isa = PBXBuildFile; fileRef = 9197CA341FC45ADF00B66C12 /* AKHomeViewController.m */; };
		9197CA3A1FC45B0500B66C12 /* AKBoggleManager.m in Sources */ = {isa = PBXBuildFile; fileRef = 9197CA391FC45B0500B66C12 /* AKBoggleManager.m */; };
		9197CA3D1FC45C3B00B66C12 /* AKBoggleTreeNode.m in Sources */ = {isa = PBXBuildFile; fileRef = 9197CA3C1FC45C3B00B66C12 /* AKBoggleTreeNode.m */; };
		9197CA401FC49BCC00B66C12 /* AKBoggleBoardItem.m in Sources */ = {isa = PBXBuildFile; fileRef = 9197CA3F1FC49BCC00B66C12 /* AKBoggleBoardItem.m */; };
		9197CA481FC5333B00B66C12 /* BoggleAppTests.m in Sources */ = {isa = PBXBuildFile; fileRef = 9197CA471FC5333B00B66C12 /* BoggleAppTests.m */; };
		9197CA511FC571B500B66C12 /* AKHomeViewController.xib in Resources */ = {isa = PBXBuildFile; fileRef = 9197CA4F1FC5718E00B66C12 /* AKHomeViewController.xib */; };
/* End PBXBuildFile section */

/* Begin PBXContainerItemProxy section */
		9197CA4A1FC5333B00B66C12 /* PBXContainerItemProxy */ = {
			isa = PBXContainerItemProxy;
			containerPortal = 9197CA0D1FC459B100B66C12 /* Project object */;
			proxyType = 1;
			remoteGlobalIDString = 9197CA141FC459B100B66C12;
			remoteInfo = BoggleApp;
		};
/* End PBXContainerItemProxy section */

/* Begin PBXFileReference section */
		9197CA151FC459B100B66C12 /* BoggleApp.app */ = {isa = PBXFileReference; explicitFileType = wrapper.application; includeInIndex = 0; path = BoggleApp.app; sourceTree = BUILT_PRODUCTS_DIR; };
		9197CA181FC459B100B66C12 /* AppDelegate.h */ = {isa = PBXFileReference; lastKnownFileType = sourcecode.c.h; path = AppDelegate.h; sourceTree = "<group>"; };
		9197CA191FC459B100B66C12 /* AppDelegate.m */ = {isa = PBXFileReference; lastKnownFileType = sourcecode.c.objc; path = AppDelegate.m; sourceTree = "<group>"; };
		9197CA211FC459B100B66C12 /* Assets.xcassets */ = {isa = PBXFileReference; lastKnownFileType = folder.assetcatalog; path = Assets.xcassets; sourceTree = "<group>"; };
		9197CA241FC459B100B66C12 /* Base */ = {isa = PBXFileReference; lastKnownFileType = file.storyboard; name = Base; path = Base.lproj/LaunchScreen.storyboard; sourceTree = "<group>"; };
		9197CA261FC459B100B66C12 /* Info.plist */ = {isa = PBXFileReference; lastKnownFileType = text.plist.xml; path = Info.plist; sourceTree = "<group>"; };
		9197CA271FC459B100B66C12 /* main.m */ = {isa = PBXFileReference; lastKnownFileType = sourcecode.c.objc; path = main.m; sourceTree = "<group>"; };
		9197CA331FC45ADF00B66C12 /* AKHomeViewController.h */ = {isa = PBXFileReference; lastKnownFileType = sourcecode.c.h; path = AKHomeViewController.h; sourceTree = "<group>"; };
		9197CA341FC45ADF00B66C12 /* AKHomeViewController.m */ = {isa = PBXFileReference; lastKnownFileType = sourcecode.c.objc; path = AKHomeViewController.m; sourceTree = "<group>"; };
		9197CA381FC45B0500B66C12 /* AKBoggleManager.h */ = {isa = PBXFileReference; lastKnownFileType = sourcecode.c.h; path = AKBoggleManager.h; sourceTree = "<group>"; };
		9197CA391FC45B0500B66C12 /* AKBoggleManager.m */ = {isa = PBXFileReference; lastKnownFileType = sourcecode.c.objc; path = AKBoggleManager.m; sourceTree = "<group>"; };
		9197CA3B1FC45C3B00B66C12 /* AKBoggleTreeNode.h */ = {isa = PBXFileReference; lastKnownFileType = sourcecode.c.h; path = AKBoggleTreeNode.h; sourceTree = "<group>"; };
		9197CA3C1FC45C3B00B66C12 /* AKBoggleTreeNode.m */ = {isa = PBXFileReference; lastKnownFileType = sourcecode.c.objc; path = AKBoggleTreeNode.m; sourceTree = "<group>"; };
		9197CA3E1FC49BCC00B66C12 /* AKBoggleBoardItem.h */ = {isa = PBXFileReference; lastKnownFileType = sourcecode.c.h; path = AKBoggleBoardItem.h; sourceTree = "<group>"; };
		9197CA3F1FC49BCC00B66C12 /* AKBoggleBoardItem.m */ = {isa = PBXFileReference; lastKnownFileType = sourcecode.c.objc; path = AKBoggleBoardItem.m; sourceTree = "<group>"; };
		9197CA451FC5333B00B66C12 /* BoggleAppTests.xctest */ = {isa = PBXFileReference; explicitFileType = wrapper.cfbundle; includeInIndex = 0; path = BoggleAppTests.xctest; sourceTree = BUILT_PRODUCTS_DIR; };
		9197CA471FC5333B00B66C12 /* BoggleAppTests.m */ = {isa = PBXFileReference; lastKnownFileType = sourcecode.c.objc; path = BoggleAppTests.m; sourceTree = "<group>"; };
		9197CA491FC5333B00B66C12 /* Info.plist */ = {isa = PBXFileReference; lastKnownFileType = text.plist.xml; path = Info.plist; sourceTree = "<group>"; };
		9197CA4F1FC5718E00B66C12 /* AKHomeViewController.xib */ = {isa = PBXFileReference; lastKnownFileType = file.xib; path = AKHomeViewController.xib; sourceTree = "<group>"; };
/* End PBXFileReference section */

/* Begin PBXFrameworksBuildPhase section */
		9197CA121FC459B100B66C12 /* Frameworks */ = {
			isa = PBXFrameworksBuildPhase;
			buildActionMask = 2147483647;
			files = (
			);
			runOnlyForDeploymentPostprocessing = 0;
		};
		9197CA421FC5333B00B66C12 /* Frameworks */ = {
			isa = PBXFrameworksBuildPhase;
			buildActionMask = 2147483647;
			files = (
			);
			runOnlyForDeploymentPostprocessing = 0;
		};
/* End PBXFrameworksBuildPhase section */

/* Begin PBXGroup section */
		9197CA0C1FC459B100B66C12 = {
			isa = PBXGroup;
			children = (
				9197CA171FC459B100B66C12 /* BoggleApp */,
				9197CA461FC5333B00B66C12 /* BoggleAppTests */,
				9197CA161FC459B100B66C12 /* Products */,
			);
			sourceTree = "<group>";
		};
		9197CA161FC459B100B66C12 /* Products */ = {
			isa = PBXGroup;
			children = (
				9197CA151FC459B100B66C12 /* BoggleApp.app */,
				9197CA451FC5333B00B66C12 /* BoggleAppTests.xctest */,
			);
			name = Products;
			sourceTree = "<group>";
		};
		9197CA171FC459B100B66C12 /* BoggleApp */ = {
			isa = PBXGroup;
			children = (
				9197CA301FC45AC400B66C12 /* Screens */,
				9197CA2E1FC45AC400B66C12 /* Utility */,
				9197CA181FC459B100B66C12 /* AppDelegate.h */,
				9197CA191FC459B100B66C12 /* AppDelegate.m */,
				9197CA211FC459B100B66C12 /* Assets.xcassets */,
				9197CA231FC459B100B66C12 /* LaunchScreen.storyboard */,
				9197CA261FC459B100B66C12 /* Info.plist */,
				9197CA271FC459B100B66C12 /* main.m */,
			);
			path = BoggleApp;
			sourceTree = "<group>";
		};
		9197CA2E1FC45AC400B66C12 /* Utility */ = {
			isa = PBXGroup;
			children = (
				9197CA2F1FC45AC400B66C12 /* BoggleManager */,
			);
			path = Utility;
			sourceTree = "<group>";
		};
		9197CA2F1FC45AC400B66C12 /* BoggleManager */ = {
			isa = PBXGroup;
			children = (
				9197CA3E1FC49BCC00B66C12 /* AKBoggleBoardItem.h */,
				9197CA3F1FC49BCC00B66C12 /* AKBoggleBoardItem.m */,
				9197CA3B1FC45C3B00B66C12 /* AKBoggleTreeNode.h */,
				9197CA3C1FC45C3B00B66C12 /* AKBoggleTreeNode.m */,
				9197CA381FC45B0500B66C12 /* AKBoggleManager.h */,
				9197CA391FC45B0500B66C12 /* AKBoggleManager.m */,
			);
			path = BoggleManager;
			sourceTree = "<group>";
		};
		9197CA301FC45AC400B66C12 /* Screens */ = {
			isa = PBXGroup;
			children = (
				9197CA311FC45AC400B66C12 /* Home */,
			);
			path = Screens;
			sourceTree = "<group>";
		};
		9197CA311FC45AC400B66C12 /* Home */ = {
			isa = PBXGroup;
			children = (
				9197CA331FC45ADF00B66C12 /* AKHomeViewController.h */,
				9197CA341FC45ADF00B66C12 /* AKHomeViewController.m */,
				9197CA4F1FC5718E00B66C12 /* AKHomeViewController.xib */,
			);
			path = Home;
			sourceTree = "<group>";
		};
		9197CA461FC5333B00B66C12 /* BoggleAppTests */ = {
			isa = PBXGroup;
			children = (
				9197CA471FC5333B00B66C12 /* BoggleAppTests.m */,
				9197CA491FC5333B00B66C12 /* Info.plist */,
			);
			path = BoggleAppTests;
			sourceTree = "<group>";
		};
/* End PBXGroup section */

/* Begin PBXNativeTarget section */
		9197CA141FC459B100B66C12 /* BoggleApp */ = {
			isa = PBXNativeTarget;
			buildConfigurationList = 9197CA2B1FC459B100B66C12 /* Build configuration list for PBXNativeTarget "BoggleApp" */;
			buildPhases = (
				9197CA111FC459B100B66C12 /* Sources */,
				9197CA121FC459B100B66C12 /* Frameworks */,
				9197CA131FC459B100B66C12 /* Resources */,
			);
			buildRules = (
			);
			dependencies = (
			);
			name = BoggleApp;
			productName = BoggleApp;
			productReference = 9197CA151FC459B100B66C12 /* BoggleApp.app */;
			productType = "com.apple.product-type.application";
		};
		9197CA441FC5333B00B66C12 /* BoggleAppTests */ = {
			isa = PBXNativeTarget;
			buildConfigurationList = 9197CA4C1FC5333B00B66C12 /* Build configuration list for PBXNativeTarget "BoggleAppTests" */;
			buildPhases = (
				9197CA411FC5333B00B66C12 /* Sources */,
				9197CA421FC5333B00B66C12 /* Frameworks */,
				9197CA431FC5333B00B66C12 /* Resources */,
			);
			buildRules = (
			);
			dependencies = (
				9197CA4B1FC5333B00B66C12 /* PBXTargetDependency */,
			);
			name = BoggleAppTests;
			productName = BoggleAppTests;
			productReference = 9197CA451FC5333B00B66C12 /* BoggleAppTests.xctest */;
			productType = "com.apple.product-type.bundle.unit-test";
		};
/* End PBXNativeTarget section */

/* Begin PBXProject section */
		9197CA0D1FC459B100B66C12 /* Project object */ = {
			isa = PBXProject;
			attributes = {
				LastUpgradeCheck = 0900;
				ORGANIZATIONNAME = "Atul Khatri";
				TargetAttributes = {
					9197CA141FC459B100B66C12 = {
						CreatedOnToolsVersion = 9.0;
						ProvisioningStyle = Automatic;
					};
					9197CA441FC5333B00B66C12 = {
						CreatedOnToolsVersion = 9.0;
						ProvisioningStyle = Automatic;
						TestTargetID = 9197CA141FC459B100B66C12;
					};
				};
			};
			buildConfigurationList = 9197CA101FC459B100B66C12 /* Build configuration list for PBXProject "BoggleApp" */;
			compatibilityVersion = "Xcode 8.0";
			developmentRegion = en;
			hasScannedForEncodings = 0;
			knownRegions = (
				en,
				Base,
			);
			mainGroup = 9197CA0C1FC459B100B66C12;
			productRefGroup = 9197CA161FC459B100B66C12 /* Products */;
			projectDirPath = "";
			projectRoot = "";
			targets = (
				9197CA141FC459B100B66C12 /* BoggleApp */,
				9197CA441FC5333B00B66C12 /* BoggleAppTests */,
			);
		};
/* End PBXProject section */

/* Begin PBXResourcesBuildPhase section */
		9197CA131FC459B100B66C12 /* Resources */ = {
			isa = PBXResourcesBuildPhase;
			buildActionMask = 2147483647;
			files = (
				9197CA251FC459B100B66C12 /* LaunchScreen.storyboard in Resources */,
				9197CA221FC459B100B66C12 /* Assets.xcassets in Resources */,
				9197CA511FC571B500B66C12 /* AKHomeViewController.xib in Resources */,
			);
			runOnlyForDeploymentPostprocessing = 0;
		};
		9197CA431FC5333B00B66C12 /* Resources */ = {
			isa = PBXResourcesBuildPhase;
			buildActionMask = 2147483647;
			files = (
			);
			runOnlyForDeploymentPostprocessing = 0;
		};
/* End PBXResourcesBuildPhase section */

/* Begin PBXSourcesBuildPhase section */
		9197CA111FC459B100B66C12 /* Sources */ = {
			isa = PBXSourcesBuildPhase;
			buildActionMask = 2147483647;
			files = (
				9197CA281FC459B100B66C12 /* main.m in Sources */,
				9197CA361FC45ADF00B66C12 /* AKHomeViewController.m in Sources */,
				9197CA1A1FC459B100B66C12 /* AppDelegate.m in Sources */,
				9197CA401FC49BCC00B66C12 /* AKBoggleBoardItem.m in Sources */,
				9197CA3A1FC45B0500B66C12 /* AKBoggleManager.m in Sources */,
				9197CA3D1FC45C3B00B66C12 /* AKBoggleTreeNode.m in Sources */,
			);
			runOnlyForDeploymentPostprocessing = 0;
		};
		9197CA411FC5333B00B66C12 /* Sources */ = {
			isa = PBXSourcesBuildPhase;
			buildActionMask = 2147483647;
			files = (
				9197CA481FC5333B00B66C12 /* BoggleAppTests.m in Sources */,
			);
			runOnlyForDeploymentPostprocessing = 0;
		};
/* End PBXSourcesBuildPhase section */

/* Begin PBXTargetDependency section */
		9197CA4B1FC5333B00B66C12 /* PBXTargetDependency */ = {
			isa = PBXTargetDependency;
			target = 9197CA141FC459B100B66C12 /* BoggleApp */;
			targetProxy = 9197CA4A1FC5333B00B66C12 /* PBXContainerItemProxy */;
		};
/* End PBXTargetDependency section */

/* Begin PBXVariantGroup section */
		9197CA231FC459B100B66C12 /* LaunchScreen.storyboard */ = {
			isa = PBXVariantGroup;
			children = (
				9197CA241FC459B100B66C12 /* Base */,
			);
			name = LaunchScreen.storyboard;
			sourceTree = "<group>";
		};
/* End PBXVariantGroup section */

/* Begin XCBuildConfiguration section */
		9197CA291FC459B100B66C12 /* Debug */ = {
			isa = XCBuildConfiguration;
			buildSettings = {
				ALWAYS_SEARCH_USER_PATHS = NO;
				CLANG_ANALYZER_NONNULL = YES;
				CLANG_ANALYZER_NUMBER_OBJECT_CONVERSION = YES_AGGRESSIVE;
				CLANG_CXX_LANGUAGE_STANDARD = "gnu++14";
				CLANG_CXX_LIBRARY = "libc++";
				CLANG_ENABLE_MODULES = YES;
				CLANG_ENABLE_OBJC_ARC = YES;
				CLANG_WARN_BLOCK_CAPTURE_AUTORELEASING = YES;
				CLANG_WARN_BOOL_CONVERSION = YES;
				CLANG_WARN_COMMA = YES;
				CLANG_WARN_CONSTANT_CONVERSION = YES;
				CLANG_WARN_DIRECT_OBJC_ISA_USAGE = YES_ERROR;
				CLANG_WARN_DOCUMENTATION_COMMENTS = YES;
				CLANG_WARN_EMPTY_BODY = YES;
				CLANG_WARN_ENUM_CONVERSION = YES;
				CLANG_WARN_INFINITE_RECURSION = YES;
				CLANG_WARN_INT_CONVERSION = YES;
				CLANG_WARN_NON_LITERAL_NULL_CONVERSION = YES;
				CLANG_WARN_OBJC_LITERAL_CONVERSION = YES;
				CLANG_WARN_OBJC_ROOT_CLASS = YES_ERROR;
				CLANG_WARN_RANGE_LOOP_ANALYSIS = YES;
				CLANG_WARN_STRICT_PROTOTYPES = YES;
				CLANG_WARN_SUSPICIOUS_MOVE = YES;
				CLANG_WARN_UNGUARDED_AVAILABILITY = YES_AGGRESSIVE;
				CLANG_WARN_UNREACHABLE_CODE = YES;
				CLANG_WARN__DUPLICATE_METHOD_MATCH = YES;
				CODE_SIGN_IDENTITY = "iPhone Developer";
				COPY_PHASE_STRIP = NO;
				DEBUG_INFORMATION_FORMAT = dwarf;
				ENABLE_STRICT_OBJC_MSGSEND = YES;
				ENABLE_TESTABILITY = YES;
				GCC_C_LANGUAGE_STANDARD = gnu11;
				GCC_DYNAMIC_NO_PIC = NO;
				GCC_NO_COMMON_BLOCKS = YES;
				GCC_OPTIMIZATION_LEVEL = 0;
				GCC_PREPROCESSOR_DEFINITIONS = (
					"DEBUG=1",
					"$(inherited)",
				);
				GCC_WARN_64_TO_32_BIT_CONVERSION = YES;
				GCC_WARN_ABOUT_RETURN_TYPE = YES_ERROR;
				GCC_WARN_UNDECLARED_SELECTOR = YES;
				GCC_WARN_UNINITIALIZED_AUTOS = YES_AGGRESSIVE;
				GCC_WARN_UNUSED_FUNCTION = YES;
				GCC_WARN_UNUSED_VARIABLE = YES;
				IPHONEOS_DEPLOYMENT_TARGET = 11.0;
				MTL_ENABLE_DEBUG_INFO = YES;
				ONLY_ACTIVE_ARCH = YES;
				SDKROOT = iphoneos;
			};
			name = Debug;
		};
		9197CA2A1FC459B100B66C12 /* Release */ = {
			isa = XCBuildConfiguration;
			buildSettings = {
				ALWAYS_SEARCH_USER_PATHS = NO;
				CLANG_ANALYZER_NONNULL = YES;
				CLANG_ANALYZER_NUMBER_OBJECT_CONVERSION = YES_AGGRESSIVE;
				CLANG_CXX_LANGUAGE_STANDARD = "gnu++14";
				CLANG_CXX_LIBRARY = "libc++";
				CLANG_ENABLE_MODULES = YES;
				CLANG_ENABLE_OBJC_ARC = YES;
				CLANG_WARN_BLOCK_CAPTURE_AUTORELEASING = YES;
				CLANG_WARN_BOOL_CONVERSION = YES;
				CLANG_WARN_COMMA = YES;
				CLANG_WARN_CONSTANT_CONVERSION = YES;
				CLANG_WARN_DIRECT_OBJC_ISA_USAGE = YES_ERROR;
				CLANG_WARN_DOCUMENTATION_COMMENTS = YES;
				CLANG_WARN_EMPTY_BODY = YES;
				CLANG_WARN_ENUM_CONVERSION = YES;
				CLANG_WARN_INFINITE_RECURSION = YES;
				CLANG_WARN_INT_CONVERSION = YES;
				CLANG_WARN_NON_LITERAL_NULL_CONVERSION = YES;
				CLANG_WARN_OBJC_LITERAL_CONVERSION = YES;
				CLANG_WARN_OBJC_ROOT_CLASS = YES_ERROR;
				CLANG_WARN_RANGE_LOOP_ANALYSIS = YES;
				CLANG_WARN_STRICT_PROTOTYPES = YES;
				CLANG_WARN_SUSPICIOUS_MOVE = YES;
				CLANG_WARN_UNGUARDED_AVAILABILITY = YES_AGGRESSIVE;
				CLANG_WARN_UNREACHABLE_CODE = YES;
				CLANG_WARN__DUPLICATE_METHOD_MATCH = YES;
				CODE_SIGN_IDENTITY = "iPhone Developer";
				COPY_PHASE_STRIP = NO;
				DEBUG_INFORMATION_FORMAT = "dwarf-with-dsym";
				ENABLE_NS_ASSERTIONS = NO;
				ENABLE_STRICT_OBJC_MSGSEND = YES;
				GCC_C_LANGUAGE_STANDARD = gnu11;
				GCC_NO_COMMON_BLOCKS = YES;
				GCC_WARN_64_TO_32_BIT_CONVERSION = YES;
				GCC_WARN_ABOUT_RETURN_TYPE = YES_ERROR;
				GCC_WARN_UNDECLARED_SELECTOR = YES;
				GCC_WARN_UNINITIALIZED_AUTOS = YES_AGGRESSIVE;
				GCC_WARN_UNUSED_FUNCTION = YES;
				GCC_WARN_UNUSED_VARIABLE = YES;
				IPHONEOS_DEPLOYMENT_TARGET = 11.0;
				MTL_ENABLE_DEBUG_INFO = NO;
				SDKROOT = iphoneos;
				VALIDATE_PRODUCT = YES;
			};
			name = Release;
		};
		9197CA2C1FC459B100B66C12 /* Debug */ = {
			isa = XCBuildConfiguration;
			buildSettings = {
				ASSETCATALOG_COMPILER_APPICON_NAME = AppIcon;
				CODE_SIGN_STYLE = Automatic;
				GCC_SYMBOLS_PRIVATE_EXTERN = NO;
				INFOPLIST_FILE = BoggleApp/Info.plist;
				IPHONEOS_DEPLOYMENT_TARGET = 8.0;
				LD_RUNPATH_SEARCH_PATHS = "$(inherited) @executable_path/Frameworks";
				PRODUCT_BUNDLE_IDENTIFIER = com.boggle.app;
				PRODUCT_NAME = "$(TARGET_NAME)";
				TARGETED_DEVICE_FAMILY = 1;
				TEST_HOST = "";
			};
			name = Debug;
		};
		9197CA2D1FC459B100B66C12 /* Release */ = {
			isa = XCBuildConfiguration;
			buildSettings = {
				ASSETCATALOG_COMPILER_APPICON_NAME = AppIcon;
				CODE_SIGN_STYLE = Automatic;
				GCC_SYMBOLS_PRIVATE_EXTERN = NO;
				INFOPLIST_FILE = BoggleApp/Info.plist;
				IPHONEOS_DEPLOYMENT_TARGET = 8.0;
				LD_RUNPATH_SEARCH_PATHS = "$(inherited) @executable_path/Frameworks";
				PRODUCT_BUNDLE_IDENTIFIER = com.boggle.app;
				PRODUCT_NAME = "$(TARGET_NAME)";
				TARGETED_DEVICE_FAMILY = 1;
				TEST_HOST = "";
			};
			name = Release;
		};
		9197CA4D1FC5333B00B66C12 /* Debug */ = {
			isa = XCBuildConfiguration;
			buildSettings = {
				BUNDLE_LOADER = "$(TEST_HOST)";
				CODE_SIGN_STYLE = Automatic;
				INFOPLIST_FILE = BoggleAppTests/Info.plist;
				IPHONEOS_DEPLOYMENT_TARGET = 8.0;
				LD_RUNPATH_SEARCH_PATHS = "$(inherited) @executable_path/Frameworks @loader_path/Frameworks";
				PRODUCT_BUNDLE_IDENTIFIER = com.boggle.BoggleAppTests;
				PRODUCT_NAME = "$(TARGET_NAME)";
				TARGETED_DEVICE_FAMILY = "1,2";
				TEST_HOST = "$(BUILT_PRODUCTS_DIR)/BoggleApp.app/BoggleApp";
			};
			name = Debug;
		};
		9197CA4E1FC5333B00B66C12 /* Release */ = {
			isa = XCBuildConfiguration;
			buildSettings = {
				BUNDLE_LOADER = "$(TEST_HOST)";
				CODE_SIGN_STYLE = Automatic;
				INFOPLIST_FILE = BoggleAppTests/Info.plist;
				IPHONEOS_DEPLOYMENT_TARGET = 8.0;
				LD_RUNPATH_SEARCH_PATHS = "$(inherited) @executable_path/Frameworks @loader_path/Frameworks";
				PRODUCT_BUNDLE_IDENTIFIER = com.boggle.BoggleAppTests;
				PRODUCT_NAME = "$(TARGET_NAME)";
				TARGETED_DEVICE_FAMILY = "1,2";
				TEST_HOST = "$(BUILT_PRODUCTS_DIR)/BoggleApp.app/BoggleApp";
			};
			name = Release;
		};
/* End XCBuildConfiguration section */

/* Begin XCConfigurationList section */
		9197CA101FC459B100B66C12 /* Build configuration list for PBXProject "BoggleApp" */ = {
			isa = XCConfigurationList;
			buildConfigurations = (
				9197CA291FC459B100B66C12 /* Debug */,
				9197CA2A1FC459B100B66C12 /* Release */,
			);
			defaultConfigurationIsVisible = 0;
			defaultConfigurationName = Release;
		};
		9197CA2B1FC459B100B66C12 /* Build configuration list for PBXNativeTarget "BoggleApp" */ = {
			isa = XCConfigurationList;
			buildConfigurations = (
				9197CA2C1FC459B100B66C12 /* Debug */,
				9197CA2D1FC459B100B66C12 /* Release */,
			);
			defaultConfigurationIsVisible = 0;
			defaultConfigurationName = Release;
		};
		9197CA4C1FC5333B00B66C12 /* Build configuration list for PBXNativeTarget "BoggleAppTests" */ = {
			isa = XCConfigurationList;
			buildConfigurations = (
				9197CA4D1FC5333B00B66C12 /* Debug */,
				9197CA4E1FC5333B00B66C12 /* Release */,
			);
			defaultConfigurationIsVisible = 0;
			defaultConfigurationName = Release;
		};
/* End XCConfigurationList section */
	};
	rootObject = 9197CA0D1FC459B100B66C12 /* Project object */;
}
